
Microsoft Visual Studio Solution File, Format Version 12.00
# Visual Studio Version 17
VisualStudioVersion = 17.0.31903.59
MinimumVisualStudioVersion = 10.0.40219.1
Project("{2150E333-8FDC-42A3-9474-1A3956D46DE8}") = "ApiGateway", "ApiGateway", "{B4D2EBBE-6428-42C0-9F70-70F96C241DB4}"
EndProject
Project("{FAE04EC0-301F-11D3-BF4B-00C04F79EFBC}") = "OcelotApiGateway", "ApiGateway\OcelotApiGateway\OcelotApiGateway.csproj", "{7A314675-C4C1-4A6F-8750-12C2A34116B3}"
EndProject
Project("{2150E333-8FDC-42A3-9474-1A3956D46DE8}") = "Services", "Services", "{EFBD5049-E4DF-420E-A693-5FDBA3D4E215}"
EndProject
Project("{2150E333-8FDC-42A3-9474-1A3956D46DE8}") = "Authentication", "Authentication", "{819C6141-C7DE-457A-AF00-1473AFE505E2}"
EndProject
Project("{FAE04EC0-301F-11D3-BF4B-00C04F79EFBC}") = "Authentication.Api", "Services\Authentication\Authentication.Api\Authentication.Api.csproj", "{5B65818E-395F-4588-AC18-E45C5ACB23C4}"
EndProject
Project("{2150E333-8FDC-42A3-9474-1A3956D46DE8}") = "Email", "Email", "{8C83F393-EFE2-45B3-A55F-27F65FBA74D8}"
EndProject
Project("{FAE04EC0-301F-11D3-BF4B-00C04F79EFBC}") = "Email.Api", "Services\Email\Email.Api\Email.Api.csproj", "{91B1D767-D5AA-4313-AEDC-8D5FE4A9009F}"
EndProject
Project("{FAE04EC0-301F-11D3-BF4B-00C04F79EFBC}") = "Authentication.DomainLayer", "Services\Authentication\Authentication.DomainLayer\Authentication.DomainLayer.csproj", "{E60A9504-3497-4B12-8092-79361AF4BA15}"
EndProject
Project("{FAE04EC0-301F-11D3-BF4B-00C04F79EFBC}") = "Authentication.BusinessLayer", "Services\Authentication\Authentication.BusinessLayer\Authentication.BusinessLayer.csproj", "{28AC87D5-FF93-4B2E-9A2F-5C420546E9B9}"
EndProject
Project("{FAE04EC0-301F-11D3-BF4B-00C04F79EFBC}") = "Authentication.Tests", "Services\Authentication\Authentication.Tests\Authentication.Tests.csproj", "{94C706E1-9BDC-4014-A02F-17DCCF82DA7E}"
EndProject
Project("{FAE04EC0-301F-11D3-BF4B-00C04F79EFBC}") = "Email.BusinessLayer", "Services\Email\Email.BusinessLayer\Email.BusinessLayer.csproj", "{9EFF7B1E-EAE6-4388-A727-616C36809DDD}"
EndProject
Project("{FAE04EC0-301F-11D3-BF4B-00C04F79EFBC}") = "Email.Tests", "Services\Email\Email.Tests\Email.Tests.csproj", "{F7BAB053-2333-42BA-A9E7-23EED40456EA}"
EndProject
Project("{2150E333-8FDC-42A3-9474-1A3956D46DE8}") = "Identity", "Identity", "{564C56C5-B4BC-4076-AB7D-03711EDF2A1D}"
EndProject
Project("{FAE04EC0-301F-11D3-BF4B-00C04F79EFBC}") = "Identity.Api", "Services\Identity\Identity.Api\Identity.Api.csproj", "{1E0591EF-E988-483C-9217-694E2DFFBDE8}"
EndProject
Project("{FAE04EC0-301F-11D3-BF4B-00C04F79EFBC}") = "Identity.BusinessLayer", "Services\Identity\Identity.BusinessLayer\Identity.BusinessLayer.csproj", "{9081FBBA-C688-4B99-9A2E-379D7E7BAC90}"
EndProject
Project("{FAE04EC0-301F-11D3-BF4B-00C04F79EFBC}") = "Identity.DomainLayer", "Services\Identity\Identity.DomainLayer\Identity.DomainLayer.csproj", "{782EC715-2370-495C-8507-619004DEF92D}"
EndProject
Project("{FAE04EC0-301F-11D3-BF4B-00C04F79EFBC}") = "Identity.Tests", "Services\Identity\Identity.Tests\Identity.Tests.csproj", "{2FEB88E7-5C2D-4640-8576-F91BB63AA251}"
EndProject
Project("{2150E333-8FDC-42A3-9474-1A3956D46DE8}") = "Words", "Words", "{ACE3B5CB-701A-4330-917A-18D0CEE726A7}"
EndProject
Project("{FAE04EC0-301F-11D3-BF4B-00C04F79EFBC}") = "Words.Api", "Services\Words\Words.Api\Words.Api.csproj", "{68FF7571-CDB2-45BB-B17C-8886F5C8D978}"
EndProject
Project("{FAE04EC0-301F-11D3-BF4B-00C04F79EFBC}") = "Words.BusinessLayer", "Services\Words\Words.BusinessLayer\Words.BusinessLayer.csproj", "{E969D81A-208F-4869-9356-0AA90E890DFC}"
EndProject
Project("{FAE04EC0-301F-11D3-BF4B-00C04F79EFBC}") = "Words.DomainLayer", "Services\Words\Words.DomainLayer\Words.DomainLayer.csproj", "{FC158048-32CB-4CA3-B2AC-0B2CBBBC2A2F}"
EndProject
Project("{FAE04EC0-301F-11D3-BF4B-00C04F79EFBC}") = "Words.Tests", "Services\Words\Words.Tests\Words.Tests.csproj", "{0A17F987-DB48-4022-B68F-7C8EF3144D4C}"
EndProject
Project("{2150E333-8FDC-42A3-9474-1A3956D46DE8}") = "Finances", "Finances", "{1A3C6BC2-26DD-4969-A111-EFE9722D2793}"
EndProject
Project("{FAE04EC0-301F-11D3-BF4B-00C04F79EFBC}") = "Finances.Api", "Services\Finances\Finances.Api\Finances.Api.csproj", "{84132211-98EC-45FD-956B-BBFFDDC48074}"
EndProject
Project("{FAE04EC0-301F-11D3-BF4B-00C04F79EFBC}") = "Finances.BusinessLayer", "Services\Finances\Finances.BusinessLayer\Finances.BusinessLayer.csproj", "{8F940A8C-5861-4DD0-BD3B-33CEEA5CC8A3}"
EndProject
Project("{FAE04EC0-301F-11D3-BF4B-00C04F79EFBC}") = "Finances.DomainLayer", "Services\Finances\Finances.DomainLayer\Finances.DomainLayer.csproj", "{39890F78-FAAD-419E-ACBF-2BC7D2B014A2}"
EndProject
Project("{FAE04EC0-301F-11D3-BF4B-00C04F79EFBC}") = "Finances.Tests", "Services\Finances\Finances.Tests\Finances.Tests.csproj", "{329C7ABE-D519-4E2B-8F19-EEC2308524F5}"
EndProject
Project("{2150E333-8FDC-42A3-9474-1A3956D46DE8}") = "Notifications", "Notifications", "{AC5C0041-5671-4533-B6A7-74BB1127A3F2}"
EndProject
Project("{FAE04EC0-301F-11D3-BF4B-00C04F79EFBC}") = "Notifications.Api", "Services\Notifications\Notifications.Api\Notifications.Api.csproj", "{D42B92C3-FC80-42D5-ADAB-5625AEECEED4}"
EndProject
Project("{FAE04EC0-301F-11D3-BF4B-00C04F79EFBC}") = "Notifications.BusinessLayer", "Services\Notifications\Notifications.BusinessLayer\Notifications.BusinessLayer.csproj", "{7DCE0A77-877E-49A4-9A08-B0F9F551E532}"
EndProject
Project("{FAE04EC0-301F-11D3-BF4B-00C04F79EFBC}") = "Notifications.DomainLayer", "Services\Notifications\Notifications.DomainLayer\Notifications.DomainLayer.csproj", "{858CD29A-B584-4536-AB8A-A7C6D59BADE2}"
EndProject
Project("{FAE04EC0-301F-11D3-BF4B-00C04F79EFBC}") = "Notifications.Tests", "Services\Notifications\Notifications.Tests\Notifications.Tests.csproj", "{B0E6BE91-0750-4A5F-AF21-919595AE2FE9}"
EndProject
Project("{2150E333-8FDC-42A3-9474-1A3956D46DE8}") = "Achievements", "Achievements", "{F488E10A-94B3-4BA2-96A0-0BE98FDAC4A0}"
EndProject
Project("{FAE04EC0-301F-11D3-BF4B-00C04F79EFBC}") = "Achievements.Api", "Services\Achievements\Achievements.Api\Achievements.Api.csproj", "{4B793165-D4F5-46BA-9EC3-6D58C45EF77A}"
EndProject
Project("{FAE04EC0-301F-11D3-BF4B-00C04F79EFBC}") = "Achievements.BusinessLayer", "Services\Achievements\Achievements.BusinessLayer\Achievements.BusinessLayer.csproj", "{C80BF937-D9E1-4153-8D64-4BBC58A45411}"
EndProject
Project("{FAE04EC0-301F-11D3-BF4B-00C04F79EFBC}") = "Achievements.DomainLayer", "Services\Achievements\Achievements.DomainLayer\Achievements.DomainLayer.csproj", "{4F662DA6-FE2A-4F06-921E-6DD91247E3B8}"
EndProject
Project("{FAE04EC0-301F-11D3-BF4B-00C04F79EFBC}") = "Achievements.Tests", "Services\Achievements\Achievements.Tests\Achievements.Tests.csproj", "{86AEC83E-03CB-4418-BE38-ED501FA3325E}"
EndProject
Project("{2150E333-8FDC-42A3-9474-1A3956D46DE8}") = "Topics", "Topics", "{8F1AFB24-2636-45D5-AED2-B40E7C6CC02E}"
EndProject
Project("{FAE04EC0-301F-11D3-BF4B-00C04F79EFBC}") = "Topics.Api", "Services\Topics\Topics.Api\Topics.Api.csproj", "{78A62A89-ABFE-4ED5-ABCE-A0C2451FBCB8}"
EndProject
Project("{FAE04EC0-301F-11D3-BF4B-00C04F79EFBC}") = "Topics.BusinessLayer", "Services\Topics\Topics.BusinessLayer\Topics.BusinessLayer.csproj", "{C18B86E0-3458-4390-8944-56C1DD2CA66F}"
EndProject
Project("{FAE04EC0-301F-11D3-BF4B-00C04F79EFBC}") = "Topics.DomainLayer", "Services\Topics\Topics.DomainLayer\Topics.DomainLayer.csproj", "{871CD5FA-5DCF-4DAE-BE5E-2F8A86FFEE9F}"
EndProject
Project("{FAE04EC0-301F-11D3-BF4B-00C04F79EFBC}") = "Topics.Tests", "Services\Topics\Topics.Tests\Topics.Tests.csproj", "{C66910B7-9808-42F4-ACB0-93CEA86B151E}"
EndProject
Project("{2150E333-8FDC-42A3-9474-1A3956D46DE8}") = "AppStatistics", "AppStatistics", "{66D24938-EF5A-4F0F-A041-492653D06668}"
EndProject
Project("{FAE04EC0-301F-11D3-BF4B-00C04F79EFBC}") = "AppStatistics.Api", "Services\AppStatistics\AppStatistics.Api\AppStatistics.Api.csproj", "{C8425872-AE91-4B9E-80BE-55DA6EFD372F}"
EndProject
Project("{FAE04EC0-301F-11D3-BF4B-00C04F79EFBC}") = "AppStatistics.BusinessLayer", "Services\AppStatistics\AppStatistics.BusinessLayer\AppStatistics.BusinessLayer.csproj", "{73F223E8-5A4E-48BA-9F71-70C3E2E62B35}"
EndProject
Project("{FAE04EC0-301F-11D3-BF4B-00C04F79EFBC}") = "AppStatistics.DomainLayer", "Services\AppStatistics\AppStatistics.DomainLayer\AppStatistics.DomainLayer.csproj", "{3AF12B69-CD81-4B39-B301-043D999955A3}"
EndProject
Project("{FAE04EC0-301F-11D3-BF4B-00C04F79EFBC}") = "AppStatistics.Tests", "Services\AppStatistics\AppStatistics.Tests\AppStatistics.Tests.csproj", "{B84C2069-E7C4-4A98-87DD-D355A3BCE0BF}"
EndProject
Global
	GlobalSection(SolutionConfigurationPlatforms) = preSolution
		Debug|Any CPU = Debug|Any CPU
		Release|Any CPU = Release|Any CPU
	EndGlobalSection
	GlobalSection(SolutionProperties) = preSolution
		HideSolutionNode = FALSE
	EndGlobalSection
	GlobalSection(ProjectConfigurationPlatforms) = postSolution
		{7A314675-C4C1-4A6F-8750-12C2A34116B3}.Debug|Any CPU.ActiveCfg = Debug|Any CPU
		{7A314675-C4C1-4A6F-8750-12C2A34116B3}.Debug|Any CPU.Build.0 = Debug|Any CPU
		{7A314675-C4C1-4A6F-8750-12C2A34116B3}.Release|Any CPU.ActiveCfg = Release|Any CPU
		{7A314675-C4C1-4A6F-8750-12C2A34116B3}.Release|Any CPU.Build.0 = Release|Any CPU
		{5B65818E-395F-4588-AC18-E45C5ACB23C4}.Debug|Any CPU.ActiveCfg = Debug|Any CPU
		{5B65818E-395F-4588-AC18-E45C5ACB23C4}.Debug|Any CPU.Build.0 = Debug|Any CPU
		{5B65818E-395F-4588-AC18-E45C5ACB23C4}.Release|Any CPU.ActiveCfg = Release|Any CPU
		{5B65818E-395F-4588-AC18-E45C5ACB23C4}.Release|Any CPU.Build.0 = Release|Any CPU
		{91B1D767-D5AA-4313-AEDC-8D5FE4A9009F}.Debug|Any CPU.ActiveCfg = Debug|Any CPU
		{91B1D767-D5AA-4313-AEDC-8D5FE4A9009F}.Debug|Any CPU.Build.0 = Debug|Any CPU
		{91B1D767-D5AA-4313-AEDC-8D5FE4A9009F}.Release|Any CPU.ActiveCfg = Release|Any CPU
		{91B1D767-D5AA-4313-AEDC-8D5FE4A9009F}.Release|Any CPU.Build.0 = Release|Any CPU
		{E60A9504-3497-4B12-8092-79361AF4BA15}.Debug|Any CPU.ActiveCfg = Debug|Any CPU
		{E60A9504-3497-4B12-8092-79361AF4BA15}.Debug|Any CPU.Build.0 = Debug|Any CPU
		{E60A9504-3497-4B12-8092-79361AF4BA15}.Release|Any CPU.ActiveCfg = Release|Any CPU
		{E60A9504-3497-4B12-8092-79361AF4BA15}.Release|Any CPU.Build.0 = Release|Any CPU
		{28AC87D5-FF93-4B2E-9A2F-5C420546E9B9}.Debug|Any CPU.ActiveCfg = Debug|Any CPU
		{28AC87D5-FF93-4B2E-9A2F-5C420546E9B9}.Debug|Any CPU.Build.0 = Debug|Any CPU
		{28AC87D5-FF93-4B2E-9A2F-5C420546E9B9}.Release|Any CPU.ActiveCfg = Release|Any CPU
		{28AC87D5-FF93-4B2E-9A2F-5C420546E9B9}.Release|Any CPU.Build.0 = Release|Any CPU
		{94C706E1-9BDC-4014-A02F-17DCCF82DA7E}.Debug|Any CPU.ActiveCfg = Debug|Any CPU
		{94C706E1-9BDC-4014-A02F-17DCCF82DA7E}.Debug|Any CPU.Build.0 = Debug|Any CPU
		{94C706E1-9BDC-4014-A02F-17DCCF82DA7E}.Release|Any CPU.ActiveCfg = Release|Any CPU
		{94C706E1-9BDC-4014-A02F-17DCCF82DA7E}.Release|Any CPU.Build.0 = Release|Any CPU
		{9EFF7B1E-EAE6-4388-A727-616C36809DDD}.Debug|Any CPU.ActiveCfg = Debug|Any CPU
		{9EFF7B1E-EAE6-4388-A727-616C36809DDD}.Debug|Any CPU.Build.0 = Debug|Any CPU
		{9EFF7B1E-EAE6-4388-A727-616C36809DDD}.Release|Any CPU.ActiveCfg = Release|Any CPU
		{9EFF7B1E-EAE6-4388-A727-616C36809DDD}.Release|Any CPU.Build.0 = Release|Any CPU
		{F7BAB053-2333-42BA-A9E7-23EED40456EA}.Debug|Any CPU.ActiveCfg = Debug|Any CPU
		{F7BAB053-2333-42BA-A9E7-23EED40456EA}.Debug|Any CPU.Build.0 = Debug|Any CPU
		{F7BAB053-2333-42BA-A9E7-23EED40456EA}.Release|Any CPU.ActiveCfg = Release|Any CPU
		{F7BAB053-2333-42BA-A9E7-23EED40456EA}.Release|Any CPU.Build.0 = Release|Any CPU
		{1E0591EF-E988-483C-9217-694E2DFFBDE8}.Debug|Any CPU.ActiveCfg = Debug|Any CPU
		{1E0591EF-E988-483C-9217-694E2DFFBDE8}.Debug|Any CPU.Build.0 = Debug|Any CPU
		{1E0591EF-E988-483C-9217-694E2DFFBDE8}.Release|Any CPU.ActiveCfg = Release|Any CPU
		{1E0591EF-E988-483C-9217-694E2DFFBDE8}.Release|Any CPU.Build.0 = Release|Any CPU
		{9081FBBA-C688-4B99-9A2E-379D7E7BAC90}.Debug|Any CPU.ActiveCfg = Debug|Any CPU
		{9081FBBA-C688-4B99-9A2E-379D7E7BAC90}.Debug|Any CPU.Build.0 = Debug|Any CPU
		{9081FBBA-C688-4B99-9A2E-379D7E7BAC90}.Release|Any CPU.ActiveCfg = Release|Any CPU
		{9081FBBA-C688-4B99-9A2E-379D7E7BAC90}.Release|Any CPU.Build.0 = Release|Any CPU
		{782EC715-2370-495C-8507-619004DEF92D}.Debug|Any CPU.ActiveCfg = Debug|Any CPU
		{782EC715-2370-495C-8507-619004DEF92D}.Debug|Any CPU.Build.0 = Debug|Any CPU
		{782EC715-2370-495C-8507-619004DEF92D}.Release|Any CPU.ActiveCfg = Release|Any CPU
		{782EC715-2370-495C-8507-619004DEF92D}.Release|Any CPU.Build.0 = Release|Any CPU
		{2FEB88E7-5C2D-4640-8576-F91BB63AA251}.Debug|Any CPU.ActiveCfg = Debug|Any CPU
		{2FEB88E7-5C2D-4640-8576-F91BB63AA251}.Debug|Any CPU.Build.0 = Debug|Any CPU
		{2FEB88E7-5C2D-4640-8576-F91BB63AA251}.Release|Any CPU.ActiveCfg = Release|Any CPU
		{2FEB88E7-5C2D-4640-8576-F91BB63AA251}.Release|Any CPU.Build.0 = Release|Any CPU
		{68FF7571-CDB2-45BB-B17C-8886F5C8D978}.Debug|Any CPU.ActiveCfg = Debug|Any CPU
		{68FF7571-CDB2-45BB-B17C-8886F5C8D978}.Debug|Any CPU.Build.0 = Debug|Any CPU
		{68FF7571-CDB2-45BB-B17C-8886F5C8D978}.Release|Any CPU.ActiveCfg = Release|Any CPU
		{68FF7571-CDB2-45BB-B17C-8886F5C8D978}.Release|Any CPU.Build.0 = Release|Any CPU
		{E969D81A-208F-4869-9356-0AA90E890DFC}.Debug|Any CPU.ActiveCfg = Debug|Any CPU
		{E969D81A-208F-4869-9356-0AA90E890DFC}.Debug|Any CPU.Build.0 = Debug|Any CPU
		{E969D81A-208F-4869-9356-0AA90E890DFC}.Release|Any CPU.ActiveCfg = Release|Any CPU
		{E969D81A-208F-4869-9356-0AA90E890DFC}.Release|Any CPU.Build.0 = Release|Any CPU
		{FC158048-32CB-4CA3-B2AC-0B2CBBBC2A2F}.Debug|Any CPU.ActiveCfg = Debug|Any CPU
		{FC158048-32CB-4CA3-B2AC-0B2CBBBC2A2F}.Debug|Any CPU.Build.0 = Debug|Any CPU
		{FC158048-32CB-4CA3-B2AC-0B2CBBBC2A2F}.Release|Any CPU.ActiveCfg = Release|Any CPU
		{FC158048-32CB-4CA3-B2AC-0B2CBBBC2A2F}.Release|Any CPU.Build.0 = Release|Any CPU
		{0A17F987-DB48-4022-B68F-7C8EF3144D4C}.Debug|Any CPU.ActiveCfg = Debug|Any CPU
		{0A17F987-DB48-4022-B68F-7C8EF3144D4C}.Debug|Any CPU.Build.0 = Debug|Any CPU
		{0A17F987-DB48-4022-B68F-7C8EF3144D4C}.Release|Any CPU.ActiveCfg = Release|Any CPU
		{0A17F987-DB48-4022-B68F-7C8EF3144D4C}.Release|Any CPU.Build.0 = Release|Any CPU
		{84132211-98EC-45FD-956B-BBFFDDC48074}.Debug|Any CPU.ActiveCfg = Debug|Any CPU
		{84132211-98EC-45FD-956B-BBFFDDC48074}.Debug|Any CPU.Build.0 = Debug|Any CPU
		{84132211-98EC-45FD-956B-BBFFDDC48074}.Release|Any CPU.ActiveCfg = Release|Any CPU
		{84132211-98EC-45FD-956B-BBFFDDC48074}.Release|Any CPU.Build.0 = Release|Any CPU
		{8F940A8C-5861-4DD0-BD3B-33CEEA5CC8A3}.Debug|Any CPU.ActiveCfg = Debug|Any CPU
		{8F940A8C-5861-4DD0-BD3B-33CEEA5CC8A3}.Debug|Any CPU.Build.0 = Debug|Any CPU
		{8F940A8C-5861-4DD0-BD3B-33CEEA5CC8A3}.Release|Any CPU.ActiveCfg = Release|Any CPU
		{8F940A8C-5861-4DD0-BD3B-33CEEA5CC8A3}.Release|Any CPU.Build.0 = Release|Any CPU
		{39890F78-FAAD-419E-ACBF-2BC7D2B014A2}.Debug|Any CPU.ActiveCfg = Debug|Any CPU
		{39890F78-FAAD-419E-ACBF-2BC7D2B014A2}.Debug|Any CPU.Build.0 = Debug|Any CPU
		{39890F78-FAAD-419E-ACBF-2BC7D2B014A2}.Release|Any CPU.ActiveCfg = Release|Any CPU
		{39890F78-FAAD-419E-ACBF-2BC7D2B014A2}.Release|Any CPU.Build.0 = Release|Any CPU
		{329C7ABE-D519-4E2B-8F19-EEC2308524F5}.Debug|Any CPU.ActiveCfg = Debug|Any CPU
		{329C7ABE-D519-4E2B-8F19-EEC2308524F5}.Debug|Any CPU.Build.0 = Debug|Any CPU
		{329C7ABE-D519-4E2B-8F19-EEC2308524F5}.Release|Any CPU.ActiveCfg = Release|Any CPU
		{329C7ABE-D519-4E2B-8F19-EEC2308524F5}.Release|Any CPU.Build.0 = Release|Any CPU
		{D42B92C3-FC80-42D5-ADAB-5625AEECEED4}.Debug|Any CPU.ActiveCfg = Debug|Any CPU
		{D42B92C3-FC80-42D5-ADAB-5625AEECEED4}.Debug|Any CPU.Build.0 = Debug|Any CPU
		{D42B92C3-FC80-42D5-ADAB-5625AEECEED4}.Release|Any CPU.ActiveCfg = Release|Any CPU
		{D42B92C3-FC80-42D5-ADAB-5625AEECEED4}.Release|Any CPU.Build.0 = Release|Any CPU
		{7DCE0A77-877E-49A4-9A08-B0F9F551E532}.Debug|Any CPU.ActiveCfg = Debug|Any CPU
		{7DCE0A77-877E-49A4-9A08-B0F9F551E532}.Debug|Any CPU.Build.0 = Debug|Any CPU
		{7DCE0A77-877E-49A4-9A08-B0F9F551E532}.Release|Any CPU.ActiveCfg = Release|Any CPU
		{7DCE0A77-877E-49A4-9A08-B0F9F551E532}.Release|Any CPU.Build.0 = Release|Any CPU
		{858CD29A-B584-4536-AB8A-A7C6D59BADE2}.Debug|Any CPU.ActiveCfg = Debug|Any CPU
		{858CD29A-B584-4536-AB8A-A7C6D59BADE2}.Debug|Any CPU.Build.0 = Debug|Any CPU
		{858CD29A-B584-4536-AB8A-A7C6D59BADE2}.Release|Any CPU.ActiveCfg = Release|Any CPU
		{858CD29A-B584-4536-AB8A-A7C6D59BADE2}.Release|Any CPU.Build.0 = Release|Any CPU
		{B0E6BE91-0750-4A5F-AF21-919595AE2FE9}.Debug|Any CPU.ActiveCfg = Debug|Any CPU
		{B0E6BE91-0750-4A5F-AF21-919595AE2FE9}.Debug|Any CPU.Build.0 = Debug|Any CPU
		{B0E6BE91-0750-4A5F-AF21-919595AE2FE9}.Release|Any CPU.ActiveCfg = Release|Any CPU
		{B0E6BE91-0750-4A5F-AF21-919595AE2FE9}.Release|Any CPU.Build.0 = Release|Any CPU
		{4B793165-D4F5-46BA-9EC3-6D58C45EF77A}.Debug|Any CPU.ActiveCfg = Debug|Any CPU
		{4B793165-D4F5-46BA-9EC3-6D58C45EF77A}.Debug|Any CPU.Build.0 = Debug|Any CPU
		{4B793165-D4F5-46BA-9EC3-6D58C45EF77A}.Release|Any CPU.ActiveCfg = Release|Any CPU
		{4B793165-D4F5-46BA-9EC3-6D58C45EF77A}.Release|Any CPU.Build.0 = Release|Any CPU
		{C80BF937-D9E1-4153-8D64-4BBC58A45411}.Debug|Any CPU.ActiveCfg = Debug|Any CPU
		{C80BF937-D9E1-4153-8D64-4BBC58A45411}.Debug|Any CPU.Build.0 = Debug|Any CPU
		{C80BF937-D9E1-4153-8D64-4BBC58A45411}.Release|Any CPU.ActiveCfg = Release|Any CPU
		{C80BF937-D9E1-4153-8D64-4BBC58A45411}.Release|Any CPU.Build.0 = Release|Any CPU
		{4F662DA6-FE2A-4F06-921E-6DD91247E3B8}.Debug|Any CPU.ActiveCfg = Debug|Any CPU
		{4F662DA6-FE2A-4F06-921E-6DD91247E3B8}.Debug|Any CPU.Build.0 = Debug|Any CPU
		{4F662DA6-FE2A-4F06-921E-6DD91247E3B8}.Release|Any CPU.ActiveCfg = Release|Any CPU
		{4F662DA6-FE2A-4F06-921E-6DD91247E3B8}.Release|Any CPU.Build.0 = Release|Any CPU
		{86AEC83E-03CB-4418-BE38-ED501FA3325E}.Debug|Any CPU.ActiveCfg = Debug|Any CPU
		{86AEC83E-03CB-4418-BE38-ED501FA3325E}.Debug|Any CPU.Build.0 = Debug|Any CPU
		{86AEC83E-03CB-4418-BE38-ED501FA3325E}.Release|Any CPU.ActiveCfg = Release|Any CPU
		{86AEC83E-03CB-4418-BE38-ED501FA3325E}.Release|Any CPU.Build.0 = Release|Any CPU
		{78A62A89-ABFE-4ED5-ABCE-A0C2451FBCB8}.Debug|Any CPU.ActiveCfg = Debug|Any CPU
		{78A62A89-ABFE-4ED5-ABCE-A0C2451FBCB8}.Debug|Any CPU.Build.0 = Debug|Any CPU
		{78A62A89-ABFE-4ED5-ABCE-A0C2451FBCB8}.Release|Any CPU.ActiveCfg = Release|Any CPU
		{78A62A89-ABFE-4ED5-ABCE-A0C2451FBCB8}.Release|Any CPU.Build.0 = Release|Any CPU
		{C18B86E0-3458-4390-8944-56C1DD2CA66F}.Debug|Any CPU.ActiveCfg = Debug|Any CPU
		{C18B86E0-3458-4390-8944-56C1DD2CA66F}.Debug|Any CPU.Build.0 = Debug|Any CPU
		{C18B86E0-3458-4390-8944-56C1DD2CA66F}.Release|Any CPU.ActiveCfg = Release|Any CPU
		{C18B86E0-3458-4390-8944-56C1DD2CA66F}.Release|Any CPU.Build.0 = Release|Any CPU
		{871CD5FA-5DCF-4DAE-BE5E-2F8A86FFEE9F}.Debug|Any CPU.ActiveCfg = Debug|Any CPU
		{871CD5FA-5DCF-4DAE-BE5E-2F8A86FFEE9F}.Debug|Any CPU.Build.0 = Debug|Any CPU
		{871CD5FA-5DCF-4DAE-BE5E-2F8A86FFEE9F}.Release|Any CPU.ActiveCfg = Release|Any CPU
		{871CD5FA-5DCF-4DAE-BE5E-2F8A86FFEE9F}.Release|Any CPU.Build.0 = Release|Any CPU
		{C66910B7-9808-42F4-ACB0-93CEA86B151E}.Debug|Any CPU.ActiveCfg = Debug|Any CPU
		{C66910B7-9808-42F4-ACB0-93CEA86B151E}.Debug|Any CPU.Build.0 = Debug|Any CPU
		{C66910B7-9808-42F4-ACB0-93CEA86B151E}.Release|Any CPU.ActiveCfg = Release|Any CPU
		{C66910B7-9808-42F4-ACB0-93CEA86B151E}.Release|Any CPU.Build.0 = Release|Any CPU
		{C8425872-AE91-4B9E-80BE-55DA6EFD372F}.Debug|Any CPU.ActiveCfg = Debug|Any CPU
		{C8425872-AE91-4B9E-80BE-55DA6EFD372F}.Debug|Any CPU.Build.0 = Debug|Any CPU
		{C8425872-AE91-4B9E-80BE-55DA6EFD372F}.Release|Any CPU.ActiveCfg = Release|Any CPU
		{C8425872-AE91-4B9E-80BE-55DA6EFD372F}.Release|Any CPU.Build.0 = Release|Any CPU
		{73F223E8-5A4E-48BA-9F71-70C3E2E62B35}.Debug|Any CPU.ActiveCfg = Debug|Any CPU
		{73F223E8-5A4E-48BA-9F71-70C3E2E62B35}.Debug|Any CPU.Build.0 = Debug|Any CPU
		{73F223E8-5A4E-48BA-9F71-70C3E2E62B35}.Release|Any CPU.ActiveCfg = Release|Any CPU
		{73F223E8-5A4E-48BA-9F71-70C3E2E62B35}.Release|Any CPU.Build.0 = Release|Any CPU
		{3AF12B69-CD81-4B39-B301-043D999955A3}.Debug|Any CPU.ActiveCfg = Debug|Any CPU
		{3AF12B69-CD81-4B39-B301-043D999955A3}.Debug|Any CPU.Build.0 = Debug|Any CPU
		{3AF12B69-CD81-4B39-B301-043D999955A3}.Release|Any CPU.ActiveCfg = Release|Any CPU
		{3AF12B69-CD81-4B39-B301-043D999955A3}.Release|Any CPU.Build.0 = Release|Any CPU
		{B84C2069-E7C4-4A98-87DD-D355A3BCE0BF}.Debug|Any CPU.ActiveCfg = Debug|Any CPU
		{B84C2069-E7C4-4A98-87DD-D355A3BCE0BF}.Debug|Any CPU.Build.0 = Debug|Any CPU
		{B84C2069-E7C4-4A98-87DD-D355A3BCE0BF}.Release|Any CPU.ActiveCfg = Release|Any CPU
		{B84C2069-E7C4-4A98-87DD-D355A3BCE0BF}.Release|Any CPU.Build.0 = Release|Any CPU
	EndGlobalSection
	GlobalSection(NestedProjects) = preSolution
		{7A314675-C4C1-4A6F-8750-12C2A34116B3} = {B4D2EBBE-6428-42C0-9F70-70F96C241DB4}
		{819C6141-C7DE-457A-AF00-1473AFE505E2} = {EFBD5049-E4DF-420E-A693-5FDBA3D4E215}
		{5B65818E-395F-4588-AC18-E45C5ACB23C4} = {819C6141-C7DE-457A-AF00-1473AFE505E2}
		{8C83F393-EFE2-45B3-A55F-27F65FBA74D8} = {EFBD5049-E4DF-420E-A693-5FDBA3D4E215}
		{91B1D767-D5AA-4313-AEDC-8D5FE4A9009F} = {8C83F393-EFE2-45B3-A55F-27F65FBA74D8}
		{E60A9504-3497-4B12-8092-79361AF4BA15} = {819C6141-C7DE-457A-AF00-1473AFE505E2}
		{28AC87D5-FF93-4B2E-9A2F-5C420546E9B9} = {819C6141-C7DE-457A-AF00-1473AFE505E2}
		{94C706E1-9BDC-4014-A02F-17DCCF82DA7E} = {819C6141-C7DE-457A-AF00-1473AFE505E2}
		{9EFF7B1E-EAE6-4388-A727-616C36809DDD} = {8C83F393-EFE2-45B3-A55F-27F65FBA74D8}
		{F7BAB053-2333-42BA-A9E7-23EED40456EA} = {8C83F393-EFE2-45B3-A55F-27F65FBA74D8}
		{564C56C5-B4BC-4076-AB7D-03711EDF2A1D} = {EFBD5049-E4DF-420E-A693-5FDBA3D4E215}
		{1E0591EF-E988-483C-9217-694E2DFFBDE8} = {564C56C5-B4BC-4076-AB7D-03711EDF2A1D}
		{9081FBBA-C688-4B99-9A2E-379D7E7BAC90} = {564C56C5-B4BC-4076-AB7D-03711EDF2A1D}
		{782EC715-2370-495C-8507-619004DEF92D} = {564C56C5-B4BC-4076-AB7D-03711EDF2A1D}
		{2FEB88E7-5C2D-4640-8576-F91BB63AA251} = {564C56C5-B4BC-4076-AB7D-03711EDF2A1D}
		{ACE3B5CB-701A-4330-917A-18D0CEE726A7} = {EFBD5049-E4DF-420E-A693-5FDBA3D4E215}
		{68FF7571-CDB2-45BB-B17C-8886F5C8D978} = {ACE3B5CB-701A-4330-917A-18D0CEE726A7}
		{E969D81A-208F-4869-9356-0AA90E890DFC} = {ACE3B5CB-701A-4330-917A-18D0CEE726A7}
		{FC158048-32CB-4CA3-B2AC-0B2CBBBC2A2F} = {ACE3B5CB-701A-4330-917A-18D0CEE726A7}
		{0A17F987-DB48-4022-B68F-7C8EF3144D4C} = {ACE3B5CB-701A-4330-917A-18D0CEE726A7}
		{1A3C6BC2-26DD-4969-A111-EFE9722D2793} = {EFBD5049-E4DF-420E-A693-5FDBA3D4E215}
		{84132211-98EC-45FD-956B-BBFFDDC48074} = {1A3C6BC2-26DD-4969-A111-EFE9722D2793}
		{8F940A8C-5861-4DD0-BD3B-33CEEA5CC8A3} = {1A3C6BC2-26DD-4969-A111-EFE9722D2793}
		{39890F78-FAAD-419E-ACBF-2BC7D2B014A2} = {1A3C6BC2-26DD-4969-A111-EFE9722D2793}
		{329C7ABE-D519-4E2B-8F19-EEC2308524F5} = {1A3C6BC2-26DD-4969-A111-EFE9722D2793}
		{AC5C0041-5671-4533-B6A7-74BB1127A3F2} = {EFBD5049-E4DF-420E-A693-5FDBA3D4E215}
		{D42B92C3-FC80-42D5-ADAB-5625AEECEED4} = {AC5C0041-5671-4533-B6A7-74BB1127A3F2}
		{7DCE0A77-877E-49A4-9A08-B0F9F551E532} = {AC5C0041-5671-4533-B6A7-74BB1127A3F2}
		{858CD29A-B584-4536-AB8A-A7C6D59BADE2} = {AC5C0041-5671-4533-B6A7-74BB1127A3F2}
		{B0E6BE91-0750-4A5F-AF21-919595AE2FE9} = {AC5C0041-5671-4533-B6A7-74BB1127A3F2}
		{F488E10A-94B3-4BA2-96A0-0BE98FDAC4A0} = {EFBD5049-E4DF-420E-A693-5FDBA3D4E215}
		{4B793165-D4F5-46BA-9EC3-6D58C45EF77A} = {F488E10A-94B3-4BA2-96A0-0BE98FDAC4A0}
		{C80BF937-D9E1-4153-8D64-4BBC58A45411} = {F488E10A-94B3-4BA2-96A0-0BE98FDAC4A0}
		{4F662DA6-FE2A-4F06-921E-6DD91247E3B8} = {F488E10A-94B3-4BA2-96A0-0BE98FDAC4A0}
		{86AEC83E-03CB-4418-BE38-ED501FA3325E} = {F488E10A-94B3-4BA2-96A0-0BE98FDAC4A0}
		{8F1AFB24-2636-45D5-AED2-B40E7C6CC02E} = {EFBD5049-E4DF-420E-A693-5FDBA3D4E215}
		{78A62A89-ABFE-4ED5-ABCE-A0C2451FBCB8} = {8F1AFB24-2636-45D5-AED2-B40E7C6CC02E}
		{C18B86E0-3458-4390-8944-56C1DD2CA66F} = {8F1AFB24-2636-45D5-AED2-B40E7C6CC02E}
		{871CD5FA-5DCF-4DAE-BE5E-2F8A86FFEE9F} = {8F1AFB24-2636-45D5-AED2-B40E7C6CC02E}
		{C66910B7-9808-42F4-ACB0-93CEA86B151E} = {8F1AFB24-2636-45D5-AED2-B40E7C6CC02E}
		{66D24938-EF5A-4F0F-A041-492653D06668} = {EFBD5049-E4DF-420E-A693-5FDBA3D4E215}
		{C8425872-AE91-4B9E-80BE-55DA6EFD372F} = {66D24938-EF5A-4F0F-A041-492653D06668}
		{73F223E8-5A4E-48BA-9F71-70C3E2E62B35} = {66D24938-EF5A-4F0F-A041-492653D06668}
		{3AF12B69-CD81-4B39-B301-043D999955A3} = {66D24938-EF5A-4F0F-A041-492653D06668}
		{B84C2069-E7C4-4A98-87DD-D355A3BCE0BF} = {66D24938-EF5A-4F0F-A041-492653D06668}
	EndGlobalSection
EndGlobal
