
Microsoft Visual Studio Solution File, Format Version 12.00
# Visual Studio Version 17
VisualStudioVersion = 17.0.31903.59
MinimumVisualStudioVersion = 10.0.40219.1
Project("{2150E333-8FDC-42A3-9474-1A3956D46DE8}") = "ApiGateway", "ApiGateway", "{B4D2EBBE-6428-42C0-9F70-70F96C241DB4}"
EndProject
Project("{9A19103F-16F7-4668-BE54-9A1E7A4F7556}") = "OcelotApiGateway", "ApiGateway\OcelotApiGateway\OcelotApiGateway.csproj", "{7A314675-C4C1-4A6F-8750-12C2A34116B3}"
EndProject
Project("{2150E333-8FDC-42A3-9474-1A3956D46DE8}") = "Services", "Services", "{EFBD5049-E4DF-420E-A693-5FDBA3D4E215}"
EndProject
Project("{2150E333-8FDC-42A3-9474-1A3956D46DE8}") = "Authentication", "Authentication", "{819C6141-C7DE-457A-AF00-1473AFE505E2}"
EndProject
Project("{2150E333-8FDC-42A3-9474-1A3956D46DE8}") = "Email", "Email", "{8C83F393-EFE2-45B3-A55F-27F65FBA74D8}"
EndProject
Project("{2150E333-8FDC-42A3-9474-1A3956D46DE8}") = "Identity", "Identity", "{564C56C5-B4BC-4076-AB7D-03711EDF2A1D}"
EndProject
Project("{2150E333-8FDC-42A3-9474-1A3956D46DE8}") = "Words", "Words", "{ACE3B5CB-701A-4330-917A-18D0CEE726A7}"
EndProject
Project("{2150E333-8FDC-42A3-9474-1A3956D46DE8}") = "Notifications", "Notifications", "{AC5C0041-5671-4533-B6A7-74BB1127A3F2}"
EndProject
Project("{2150E333-8FDC-42A3-9474-1A3956D46DE8}") = "Achievements", "Achievements", "{F488E10A-94B3-4BA2-96A0-0BE98FDAC4A0}"
EndProject
Project("{2150E333-8FDC-42A3-9474-1A3956D46DE8}") = "Topics", "Topics", "{8F1AFB24-2636-45D5-AED2-B40E7C6CC02E}"
EndProject
Project("{2150E333-8FDC-42A3-9474-1A3956D46DE8}") = "AppStatistics", "AppStatistics", "{66D24938-EF5A-4F0F-A041-492653D06668}"
EndProject
Project("{9A19103F-16F7-4668-BE54-9A1E7A4F7556}") = "AppStatistics.Api", "Services\AppStatistics\AppStatistics.Api\AppStatistics.Api.csproj", "{C8425872-AE91-4B9E-80BE-55DA6EFD372F}"
EndProject
Project("{9A19103F-16F7-4668-BE54-9A1E7A4F7556}") = "AppStatistics.BusinessLayer", "Services\AppStatistics\AppStatistics.BusinessLayer\AppStatistics.BusinessLayer.csproj", "{73F223E8-5A4E-48BA-9F71-70C3E2E62B35}"
EndProject
Project("{9A19103F-16F7-4668-BE54-9A1E7A4F7556}") = "AppStatistics.DomainLayer", "Services\AppStatistics\AppStatistics.DomainLayer\AppStatistics.DomainLayer.csproj", "{3AF12B69-CD81-4B39-B301-043D999955A3}"
EndProject
Project("{2150E333-8FDC-42A3-9474-1A3956D46DE8}") = "Libs", "Libs", "{8FE8892C-07F2-432A-82EE-43651A93C869}"
EndProject
Project("{9A19103F-16F7-4668-BE54-9A1E7A4F7556}") = "Responses", "Libs\Responses\Responses.csproj", "{67F3DC2F-C8F2-4007-88CE-30BEA0561AAB}"
EndProject
Project("{9A19103F-16F7-4668-BE54-9A1E7A4F7556}") = "Cryptography", "Libs\Cryptography\Cryptography.csproj", "{946A2F51-7663-4209-B879-7E474B7D3525}"
EndProject
Project("{9A19103F-16F7-4668-BE54-9A1E7A4F7556}") = "EventBus", "Services\EventBus\EventBus.csproj", "{9BB70842-0883-405C-B762-264888219F6D}"
EndProject
Project("{2150E333-8FDC-42A3-9474-1A3956D46DE8}") = "Finances", "Finances", "{34EF0DD9-694D-4244-B50B-F46E49FDF717}"
EndProject
Project("{9A19103F-16F7-4668-BE54-9A1E7A4F7556}") = "Finances.DomainLayer", "Services\Finances\Finances.DomainLayer\Finances.DomainLayer.csproj", "{E8067814-80D1-44C5-B762-0415F2E9D51A}"
EndProject
Project("{9A19103F-16F7-4668-BE54-9A1E7A4F7556}") = "Finances.BusinessLayer", "Services\Finances\Finances.BusinessLayer\Finances.BusinessLayer.csproj", "{CD31FFA4-21B3-43F4-B212-28DF0D443456}"
EndProject
Project("{9A19103F-16F7-4668-BE54-9A1E7A4F7556}") = "Finances.Api", "Services\Finances\Finances.Api\Finances.Api.csproj", "{2F76C257-E2E9-44BA-A499-71E902F82ECE}"
EndProject
Project("{2150E333-8FDC-42A3-9474-1A3956D46DE8}") = "DataAccess", "DataAccess", "{6A81D247-4056-4830-81E0-C88A606C6EA8}"
EndProject
Project("{9A19103F-16F7-4668-BE54-9A1E7A4F7556}") = "Domain", "Services\Authentication\Domain\Domain.csproj", "{51A06FCF-1183-431A-9184-058B48CD21C0}"
EndProject
Project("{9A19103F-16F7-4668-BE54-9A1E7A4F7556}") = "DataAccess.Dapper", "Services\Authentication\DataAccess\DataAccess.Dapper\DataAccess.Dapper.csproj", "{21D4D900-796C-4C91-AA35-9E5B3EE94E17}"
EndProject
Project("{9A19103F-16F7-4668-BE54-9A1E7A4F7556}") = "Application", "Services\Authentication\Application\Application.csproj", "{76AE3829-9462-4B7E-9A57-A09A2C97F7EC}"
EndProject
Project("{2150E333-8FDC-42A3-9474-1A3956D46DE8}") = "DataAccess", "DataAccess", "{E9BF267A-56C2-4BF8-BBA7-A03B13B303F0}"
EndProject
Project("{9A19103F-16F7-4668-BE54-9A1E7A4F7556}") = "DataAccess.Dapper", "Services\Identity\DataAccess\DataAccess.Dapper\DataAccess.Dapper.csproj", "{44837A6A-B329-4EC9-90A8-0FB2195C3AFD}"
EndProject
Project("{2150E333-8FDC-42A3-9474-1A3956D46DE8}") = "DataAccess", "DataAccess", "{689ABAF9-C68A-44B8-AD6F-A0012D88F358}"
EndProject
Project("{2150E333-8FDC-42A3-9474-1A3956D46DE8}") = "DataAccess", "DataAccess", "{AECF0012-77E3-496F-9DC6-863E5296656E}"
EndProject
Project("{9A19103F-16F7-4668-BE54-9A1E7A4F7556}") = "DataAccess.Dapper", "Services\Notifications\DataAccess\Notifications.DataAccess.Dapper\DataAccess.Dapper.csproj", "{5DC24BB2-A9D8-41A9-8A78-38B2BABBDB30}"
EndProject
Project("{9A19103F-16F7-4668-BE54-9A1E7A4F7556}") = "Domain", "Services\Achievements\Domain\Domain.csproj", "{0163945D-38E7-44E8-9B23-8508D62012F6}"
EndProject
Project("{2150E333-8FDC-42A3-9474-1A3956D46DE8}") = "DataAccess", "DataAccess", "{E8738FAD-8648-4F16-BCA9-04683AA31DE9}"
EndProject
Project("{9A19103F-16F7-4668-BE54-9A1E7A4F7556}") = "DataAccess.Dapper", "Services\Achievements\DataAccess\DataAccess.Dapper\DataAccess.Dapper.csproj", "{9C5209D1-3E8A-43E1-BD28-049BFECF0B4E}"
EndProject
Project("{9A19103F-16F7-4668-BE54-9A1E7A4F7556}") = "Application", "Services\Achievements\Application\Application.csproj", "{BD466A87-FC75-4779-8818-11ED350EC3AD}"
EndProject
Project("{9A19103F-16F7-4668-BE54-9A1E7A4F7556}") = "WebApi", "Services\Achievements\WebApi\WebApi.csproj", "{A6251F9D-F482-47C7-B5C2-7C802429AFA6}"
EndProject
Project("{9A19103F-16F7-4668-BE54-9A1E7A4F7556}") = "Domain", "Services\Topics\Domain\Domain.csproj", "{339A3BA0-2D4D-4079-9E21-1989230C47CD}"
EndProject
Project("{2150E333-8FDC-42A3-9474-1A3956D46DE8}") = "DataAccess", "DataAccess", "{906FFA71-7A1C-4943-BCEB-543BDE3BE17C}"
EndProject
Project("{9A19103F-16F7-4668-BE54-9A1E7A4F7556}") = "DataAccess.Dapper", "Services\Topics\DataAccess\DataAccess.Dapper\DataAccess.Dapper.csproj", "{F257F69D-ADA4-41FC-B9E4-8EF7757938B8}"
EndProject
Project("{9A19103F-16F7-4668-BE54-9A1E7A4F7556}") = "Application", "Services\Topics\Application\Application.csproj", "{05434716-8AD7-41D8-A740-E5EE495BF081}"
EndProject
Project("{9A19103F-16F7-4668-BE54-9A1E7A4F7556}") = "WebApi", "Services\Topics\WebApi\WebApi.csproj", "{7B8BE181-B962-4A16-83D1-CE9AB9F070BF}"
EndProject
Project("{9A19103F-16F7-4668-BE54-9A1E7A4F7556}") = "Application", "Services\Words\Application\Application.csproj", "{3C86F475-3992-4A0D-829C-324C7F4B8D28}"
EndProject
Project("{9A19103F-16F7-4668-BE54-9A1E7A4F7556}") = "Domain", "Services\Words\Domain\Domain.csproj", "{346D63F7-337C-438C-948A-CA2D9068904C}"
EndProject
Project("{9A19103F-16F7-4668-BE54-9A1E7A4F7556}") = "Application", "Services\Notifications\Application\Application.csproj", "{D7F082BA-C35F-437D-8985-2BF9D3524398}"
EndProject
Project("{9A19103F-16F7-4668-BE54-9A1E7A4F7556}") = "Domain", "Services\Notifications\Domain\Domain.csproj", "{34FFBDC3-7852-4EF6-8BB2-B87C26BB22D6}"
EndProject
Project("{9A19103F-16F7-4668-BE54-9A1E7A4F7556}") = "WebApi", "Services\Notifications\WebApi\WebApi.csproj", "{B2294CDC-1E1C-46BC-8AE3-CC7C375A5B58}"
EndProject
Project("{9A19103F-16F7-4668-BE54-9A1E7A4F7556}") = "Domain", "Services\Identity\Domain\Domain.csproj", "{C7DC2D09-99B7-4D29-926B-FBA69C640A02}"
EndProject
Project("{9A19103F-16F7-4668-BE54-9A1E7A4F7556}") = "Application", "Services\Identity\Application\Application.csproj", "{561CD2DA-2600-4698-AFCE-463509F0344C}"
EndProject
Project("{9A19103F-16F7-4668-BE54-9A1E7A4F7556}") = "WebApi", "Services\Identity\WebApi\WebApi.csproj", "{86A44E1D-AC06-4456-AA26-E2AFBF2BDD8E}"
EndProject
Project("{9A19103F-16F7-4668-BE54-9A1E7A4F7556}") = "WebApi", "Services\Words\WebApi\WebApi.csproj", "{6C5E78FA-BE11-438D-985A-4B33EA44DFE8}"
EndProject
Project("{9A19103F-16F7-4668-BE54-9A1E7A4F7556}") = "WebApi", "Services\Email\WebApi\WebApi.csproj", "{CF220146-2507-46AF-8484-4E4D47537781}"
EndProject
Project("{9A19103F-16F7-4668-BE54-9A1E7A4F7556}") = "Application", "Services\Email\Application\Application.csproj", "{ED20D9C1-B54C-4CBA-BCAC-43C67EBDC429}"
EndProject
Project("{9A19103F-16F7-4668-BE54-9A1E7A4F7556}") = "WebApi", "Services\Authentication\WebApi\WebApi.csproj", "{3CDD64E8-985A-4818-850F-F758092957CE}"
EndProject
Project("{FAE04EC0-301F-11D3-BF4B-00C04F79EFBC}") = "DataAccess.EntityFramework", "Services\Words\DataAccess\DataAccess.EntityFramework\DataAccess.EntityFramework.csproj", "{5527708D-E773-4D94-BFD1-C3179E2B73CC}"
EndProject
Project("{9A19103F-16F7-4668-BE54-9A1E7A4F7556}") = "DataAccess.Dapper", "Services\Words\DataAccess\DataAccess.Dapper\DataAccess.Dapper.csproj", "{BCDCB255-D8D8-42E1-B67A-B388707D1868}"
EndProject
Global
	GlobalSection(SolutionConfigurationPlatforms) = preSolution
		Debug|Any CPU = Debug|Any CPU
		Release|Any CPU = Release|Any CPU
	EndGlobalSection
	GlobalSection(ProjectConfigurationPlatforms) = postSolution
		{7A314675-C4C1-4A6F-8750-12C2A34116B3}.Debug|Any CPU.ActiveCfg = Debug|Any CPU
		{7A314675-C4C1-4A6F-8750-12C2A34116B3}.Debug|Any CPU.Build.0 = Debug|Any CPU
		{7A314675-C4C1-4A6F-8750-12C2A34116B3}.Release|Any CPU.ActiveCfg = Release|Any CPU
		{7A314675-C4C1-4A6F-8750-12C2A34116B3}.Release|Any CPU.Build.0 = Release|Any CPU
		{C8425872-AE91-4B9E-80BE-55DA6EFD372F}.Debug|Any CPU.ActiveCfg = Debug|Any CPU
		{C8425872-AE91-4B9E-80BE-55DA6EFD372F}.Debug|Any CPU.Build.0 = Debug|Any CPU
		{C8425872-AE91-4B9E-80BE-55DA6EFD372F}.Release|Any CPU.ActiveCfg = Release|Any CPU
		{C8425872-AE91-4B9E-80BE-55DA6EFD372F}.Release|Any CPU.Build.0 = Release|Any CPU
		{73F223E8-5A4E-48BA-9F71-70C3E2E62B35}.Debug|Any CPU.ActiveCfg = Debug|Any CPU
		{73F223E8-5A4E-48BA-9F71-70C3E2E62B35}.Debug|Any CPU.Build.0 = Debug|Any CPU
		{73F223E8-5A4E-48BA-9F71-70C3E2E62B35}.Release|Any CPU.ActiveCfg = Release|Any CPU
		{73F223E8-5A4E-48BA-9F71-70C3E2E62B35}.Release|Any CPU.Build.0 = Release|Any CPU
		{3AF12B69-CD81-4B39-B301-043D999955A3}.Debug|Any CPU.ActiveCfg = Debug|Any CPU
		{3AF12B69-CD81-4B39-B301-043D999955A3}.Debug|Any CPU.Build.0 = Debug|Any CPU
		{3AF12B69-CD81-4B39-B301-043D999955A3}.Release|Any CPU.ActiveCfg = Release|Any CPU
		{3AF12B69-CD81-4B39-B301-043D999955A3}.Release|Any CPU.Build.0 = Release|Any CPU
		{67F3DC2F-C8F2-4007-88CE-30BEA0561AAB}.Debug|Any CPU.ActiveCfg = Debug|Any CPU
		{67F3DC2F-C8F2-4007-88CE-30BEA0561AAB}.Debug|Any CPU.Build.0 = Debug|Any CPU
		{67F3DC2F-C8F2-4007-88CE-30BEA0561AAB}.Release|Any CPU.ActiveCfg = Release|Any CPU
		{67F3DC2F-C8F2-4007-88CE-30BEA0561AAB}.Release|Any CPU.Build.0 = Release|Any CPU
		{946A2F51-7663-4209-B879-7E474B7D3525}.Debug|Any CPU.ActiveCfg = Debug|Any CPU
		{946A2F51-7663-4209-B879-7E474B7D3525}.Debug|Any CPU.Build.0 = Debug|Any CPU
		{946A2F51-7663-4209-B879-7E474B7D3525}.Release|Any CPU.ActiveCfg = Release|Any CPU
		{946A2F51-7663-4209-B879-7E474B7D3525}.Release|Any CPU.Build.0 = Release|Any CPU
		{9BB70842-0883-405C-B762-264888219F6D}.Debug|Any CPU.ActiveCfg = Debug|Any CPU
		{9BB70842-0883-405C-B762-264888219F6D}.Debug|Any CPU.Build.0 = Debug|Any CPU
		{9BB70842-0883-405C-B762-264888219F6D}.Release|Any CPU.ActiveCfg = Release|Any CPU
		{9BB70842-0883-405C-B762-264888219F6D}.Release|Any CPU.Build.0 = Release|Any CPU
		{E8067814-80D1-44C5-B762-0415F2E9D51A}.Debug|Any CPU.ActiveCfg = Debug|Any CPU
		{E8067814-80D1-44C5-B762-0415F2E9D51A}.Debug|Any CPU.Build.0 = Debug|Any CPU
		{E8067814-80D1-44C5-B762-0415F2E9D51A}.Release|Any CPU.ActiveCfg = Release|Any CPU
		{E8067814-80D1-44C5-B762-0415F2E9D51A}.Release|Any CPU.Build.0 = Release|Any CPU
		{CD31FFA4-21B3-43F4-B212-28DF0D443456}.Debug|Any CPU.ActiveCfg = Debug|Any CPU
		{CD31FFA4-21B3-43F4-B212-28DF0D443456}.Debug|Any CPU.Build.0 = Debug|Any CPU
		{CD31FFA4-21B3-43F4-B212-28DF0D443456}.Release|Any CPU.ActiveCfg = Release|Any CPU
		{CD31FFA4-21B3-43F4-B212-28DF0D443456}.Release|Any CPU.Build.0 = Release|Any CPU
		{2F76C257-E2E9-44BA-A499-71E902F82ECE}.Debug|Any CPU.ActiveCfg = Debug|Any CPU
		{2F76C257-E2E9-44BA-A499-71E902F82ECE}.Debug|Any CPU.Build.0 = Debug|Any CPU
		{2F76C257-E2E9-44BA-A499-71E902F82ECE}.Release|Any CPU.ActiveCfg = Release|Any CPU
		{2F76C257-E2E9-44BA-A499-71E902F82ECE}.Release|Any CPU.Build.0 = Release|Any CPU
		{51A06FCF-1183-431A-9184-058B48CD21C0}.Debug|Any CPU.ActiveCfg = Debug|Any CPU
		{51A06FCF-1183-431A-9184-058B48CD21C0}.Debug|Any CPU.Build.0 = Debug|Any CPU
		{51A06FCF-1183-431A-9184-058B48CD21C0}.Release|Any CPU.ActiveCfg = Release|Any CPU
		{51A06FCF-1183-431A-9184-058B48CD21C0}.Release|Any CPU.Build.0 = Release|Any CPU
		{21D4D900-796C-4C91-AA35-9E5B3EE94E17}.Debug|Any CPU.ActiveCfg = Debug|Any CPU
		{21D4D900-796C-4C91-AA35-9E5B3EE94E17}.Debug|Any CPU.Build.0 = Debug|Any CPU
		{21D4D900-796C-4C91-AA35-9E5B3EE94E17}.Release|Any CPU.ActiveCfg = Release|Any CPU
		{21D4D900-796C-4C91-AA35-9E5B3EE94E17}.Release|Any CPU.Build.0 = Release|Any CPU
		{76AE3829-9462-4B7E-9A57-A09A2C97F7EC}.Debug|Any CPU.ActiveCfg = Debug|Any CPU
		{76AE3829-9462-4B7E-9A57-A09A2C97F7EC}.Debug|Any CPU.Build.0 = Debug|Any CPU
		{76AE3829-9462-4B7E-9A57-A09A2C97F7EC}.Release|Any CPU.ActiveCfg = Release|Any CPU
		{76AE3829-9462-4B7E-9A57-A09A2C97F7EC}.Release|Any CPU.Build.0 = Release|Any CPU
		{44837A6A-B329-4EC9-90A8-0FB2195C3AFD}.Debug|Any CPU.ActiveCfg = Debug|Any CPU
		{44837A6A-B329-4EC9-90A8-0FB2195C3AFD}.Debug|Any CPU.Build.0 = Debug|Any CPU
		{44837A6A-B329-4EC9-90A8-0FB2195C3AFD}.Release|Any CPU.ActiveCfg = Release|Any CPU
		{44837A6A-B329-4EC9-90A8-0FB2195C3AFD}.Release|Any CPU.Build.0 = Release|Any CPU
		{5DC24BB2-A9D8-41A9-8A78-38B2BABBDB30}.Debug|Any CPU.ActiveCfg = Debug|Any CPU
		{5DC24BB2-A9D8-41A9-8A78-38B2BABBDB30}.Debug|Any CPU.Build.0 = Debug|Any CPU
		{5DC24BB2-A9D8-41A9-8A78-38B2BABBDB30}.Release|Any CPU.ActiveCfg = Release|Any CPU
		{5DC24BB2-A9D8-41A9-8A78-38B2BABBDB30}.Release|Any CPU.Build.0 = Release|Any CPU
		{0163945D-38E7-44E8-9B23-8508D62012F6}.Debug|Any CPU.ActiveCfg = Debug|Any CPU
		{0163945D-38E7-44E8-9B23-8508D62012F6}.Debug|Any CPU.Build.0 = Debug|Any CPU
		{0163945D-38E7-44E8-9B23-8508D62012F6}.Release|Any CPU.ActiveCfg = Release|Any CPU
		{0163945D-38E7-44E8-9B23-8508D62012F6}.Release|Any CPU.Build.0 = Release|Any CPU
		{9C5209D1-3E8A-43E1-BD28-049BFECF0B4E}.Debug|Any CPU.ActiveCfg = Debug|Any CPU
		{9C5209D1-3E8A-43E1-BD28-049BFECF0B4E}.Debug|Any CPU.Build.0 = Debug|Any CPU
		{9C5209D1-3E8A-43E1-BD28-049BFECF0B4E}.Release|Any CPU.ActiveCfg = Release|Any CPU
		{9C5209D1-3E8A-43E1-BD28-049BFECF0B4E}.Release|Any CPU.Build.0 = Release|Any CPU
		{BD466A87-FC75-4779-8818-11ED350EC3AD}.Debug|Any CPU.ActiveCfg = Debug|Any CPU
		{BD466A87-FC75-4779-8818-11ED350EC3AD}.Debug|Any CPU.Build.0 = Debug|Any CPU
		{BD466A87-FC75-4779-8818-11ED350EC3AD}.Release|Any CPU.ActiveCfg = Release|Any CPU
		{BD466A87-FC75-4779-8818-11ED350EC3AD}.Release|Any CPU.Build.0 = Release|Any CPU
		{A6251F9D-F482-47C7-B5C2-7C802429AFA6}.Debug|Any CPU.ActiveCfg = Debug|Any CPU
		{A6251F9D-F482-47C7-B5C2-7C802429AFA6}.Debug|Any CPU.Build.0 = Debug|Any CPU
		{A6251F9D-F482-47C7-B5C2-7C802429AFA6}.Release|Any CPU.ActiveCfg = Release|Any CPU
		{A6251F9D-F482-47C7-B5C2-7C802429AFA6}.Release|Any CPU.Build.0 = Release|Any CPU
		{339A3BA0-2D4D-4079-9E21-1989230C47CD}.Debug|Any CPU.ActiveCfg = Debug|Any CPU
		{339A3BA0-2D4D-4079-9E21-1989230C47CD}.Debug|Any CPU.Build.0 = Debug|Any CPU
		{339A3BA0-2D4D-4079-9E21-1989230C47CD}.Release|Any CPU.ActiveCfg = Release|Any CPU
		{339A3BA0-2D4D-4079-9E21-1989230C47CD}.Release|Any CPU.Build.0 = Release|Any CPU
		{F257F69D-ADA4-41FC-B9E4-8EF7757938B8}.Debug|Any CPU.ActiveCfg = Debug|Any CPU
		{F257F69D-ADA4-41FC-B9E4-8EF7757938B8}.Debug|Any CPU.Build.0 = Debug|Any CPU
		{F257F69D-ADA4-41FC-B9E4-8EF7757938B8}.Release|Any CPU.ActiveCfg = Release|Any CPU
		{F257F69D-ADA4-41FC-B9E4-8EF7757938B8}.Release|Any CPU.Build.0 = Release|Any CPU
		{05434716-8AD7-41D8-A740-E5EE495BF081}.Debug|Any CPU.ActiveCfg = Debug|Any CPU
		{05434716-8AD7-41D8-A740-E5EE495BF081}.Debug|Any CPU.Build.0 = Debug|Any CPU
		{05434716-8AD7-41D8-A740-E5EE495BF081}.Release|Any CPU.ActiveCfg = Release|Any CPU
		{05434716-8AD7-41D8-A740-E5EE495BF081}.Release|Any CPU.Build.0 = Release|Any CPU
		{7B8BE181-B962-4A16-83D1-CE9AB9F070BF}.Debug|Any CPU.ActiveCfg = Debug|Any CPU
		{7B8BE181-B962-4A16-83D1-CE9AB9F070BF}.Debug|Any CPU.Build.0 = Debug|Any CPU
		{7B8BE181-B962-4A16-83D1-CE9AB9F070BF}.Release|Any CPU.ActiveCfg = Release|Any CPU
		{7B8BE181-B962-4A16-83D1-CE9AB9F070BF}.Release|Any CPU.Build.0 = Release|Any CPU
		{3C86F475-3992-4A0D-829C-324C7F4B8D28}.Debug|Any CPU.ActiveCfg = Debug|Any CPU
		{3C86F475-3992-4A0D-829C-324C7F4B8D28}.Debug|Any CPU.Build.0 = Debug|Any CPU
		{3C86F475-3992-4A0D-829C-324C7F4B8D28}.Release|Any CPU.ActiveCfg = Release|Any CPU
		{3C86F475-3992-4A0D-829C-324C7F4B8D28}.Release|Any CPU.Build.0 = Release|Any CPU
		{346D63F7-337C-438C-948A-CA2D9068904C}.Debug|Any CPU.ActiveCfg = Debug|Any CPU
		{346D63F7-337C-438C-948A-CA2D9068904C}.Debug|Any CPU.Build.0 = Debug|Any CPU
		{346D63F7-337C-438C-948A-CA2D9068904C}.Release|Any CPU.ActiveCfg = Release|Any CPU
		{346D63F7-337C-438C-948A-CA2D9068904C}.Release|Any CPU.Build.0 = Release|Any CPU
		{D7F082BA-C35F-437D-8985-2BF9D3524398}.Debug|Any CPU.ActiveCfg = Debug|Any CPU
		{D7F082BA-C35F-437D-8985-2BF9D3524398}.Debug|Any CPU.Build.0 = Debug|Any CPU
		{D7F082BA-C35F-437D-8985-2BF9D3524398}.Release|Any CPU.ActiveCfg = Release|Any CPU
		{D7F082BA-C35F-437D-8985-2BF9D3524398}.Release|Any CPU.Build.0 = Release|Any CPU
		{34FFBDC3-7852-4EF6-8BB2-B87C26BB22D6}.Debug|Any CPU.ActiveCfg = Debug|Any CPU
		{34FFBDC3-7852-4EF6-8BB2-B87C26BB22D6}.Debug|Any CPU.Build.0 = Debug|Any CPU
		{34FFBDC3-7852-4EF6-8BB2-B87C26BB22D6}.Release|Any CPU.ActiveCfg = Release|Any CPU
		{34FFBDC3-7852-4EF6-8BB2-B87C26BB22D6}.Release|Any CPU.Build.0 = Release|Any CPU
		{B2294CDC-1E1C-46BC-8AE3-CC7C375A5B58}.Debug|Any CPU.ActiveCfg = Debug|Any CPU
		{B2294CDC-1E1C-46BC-8AE3-CC7C375A5B58}.Debug|Any CPU.Build.0 = Debug|Any CPU
		{B2294CDC-1E1C-46BC-8AE3-CC7C375A5B58}.Release|Any CPU.ActiveCfg = Release|Any CPU
		{B2294CDC-1E1C-46BC-8AE3-CC7C375A5B58}.Release|Any CPU.Build.0 = Release|Any CPU
		{C7DC2D09-99B7-4D29-926B-FBA69C640A02}.Debug|Any CPU.ActiveCfg = Debug|Any CPU
		{C7DC2D09-99B7-4D29-926B-FBA69C640A02}.Debug|Any CPU.Build.0 = Debug|Any CPU
		{C7DC2D09-99B7-4D29-926B-FBA69C640A02}.Release|Any CPU.ActiveCfg = Release|Any CPU
		{C7DC2D09-99B7-4D29-926B-FBA69C640A02}.Release|Any CPU.Build.0 = Release|Any CPU
		{561CD2DA-2600-4698-AFCE-463509F0344C}.Debug|Any CPU.ActiveCfg = Debug|Any CPU
		{561CD2DA-2600-4698-AFCE-463509F0344C}.Debug|Any CPU.Build.0 = Debug|Any CPU
		{561CD2DA-2600-4698-AFCE-463509F0344C}.Release|Any CPU.ActiveCfg = Release|Any CPU
		{561CD2DA-2600-4698-AFCE-463509F0344C}.Release|Any CPU.Build.0 = Release|Any CPU
		{86A44E1D-AC06-4456-AA26-E2AFBF2BDD8E}.Debug|Any CPU.ActiveCfg = Debug|Any CPU
		{86A44E1D-AC06-4456-AA26-E2AFBF2BDD8E}.Debug|Any CPU.Build.0 = Debug|Any CPU
		{86A44E1D-AC06-4456-AA26-E2AFBF2BDD8E}.Release|Any CPU.ActiveCfg = Release|Any CPU
		{86A44E1D-AC06-4456-AA26-E2AFBF2BDD8E}.Release|Any CPU.Build.0 = Release|Any CPU
		{6C5E78FA-BE11-438D-985A-4B33EA44DFE8}.Debug|Any CPU.ActiveCfg = Debug|Any CPU
		{6C5E78FA-BE11-438D-985A-4B33EA44DFE8}.Debug|Any CPU.Build.0 = Debug|Any CPU
		{6C5E78FA-BE11-438D-985A-4B33EA44DFE8}.Release|Any CPU.ActiveCfg = Release|Any CPU
		{6C5E78FA-BE11-438D-985A-4B33EA44DFE8}.Release|Any CPU.Build.0 = Release|Any CPU
		{CF220146-2507-46AF-8484-4E4D47537781}.Debug|Any CPU.ActiveCfg = Debug|Any CPU
		{CF220146-2507-46AF-8484-4E4D47537781}.Debug|Any CPU.Build.0 = Debug|Any CPU
		{CF220146-2507-46AF-8484-4E4D47537781}.Release|Any CPU.ActiveCfg = Release|Any CPU
		{CF220146-2507-46AF-8484-4E4D47537781}.Release|Any CPU.Build.0 = Release|Any CPU
		{ED20D9C1-B54C-4CBA-BCAC-43C67EBDC429}.Debug|Any CPU.ActiveCfg = Debug|Any CPU
		{ED20D9C1-B54C-4CBA-BCAC-43C67EBDC429}.Debug|Any CPU.Build.0 = Debug|Any CPU
		{ED20D9C1-B54C-4CBA-BCAC-43C67EBDC429}.Release|Any CPU.ActiveCfg = Release|Any CPU
		{ED20D9C1-B54C-4CBA-BCAC-43C67EBDC429}.Release|Any CPU.Build.0 = Release|Any CPU
		{3CDD64E8-985A-4818-850F-F758092957CE}.Debug|Any CPU.ActiveCfg = Debug|Any CPU
		{3CDD64E8-985A-4818-850F-F758092957CE}.Debug|Any CPU.Build.0 = Debug|Any CPU
		{3CDD64E8-985A-4818-850F-F758092957CE}.Release|Any CPU.ActiveCfg = Release|Any CPU
		{3CDD64E8-985A-4818-850F-F758092957CE}.Release|Any CPU.Build.0 = Release|Any CPU
		{5527708D-E773-4D94-BFD1-C3179E2B73CC}.Debug|Any CPU.ActiveCfg = Debug|Any CPU
		{5527708D-E773-4D94-BFD1-C3179E2B73CC}.Debug|Any CPU.Build.0 = Debug|Any CPU
		{5527708D-E773-4D94-BFD1-C3179E2B73CC}.Release|Any CPU.ActiveCfg = Release|Any CPU
		{5527708D-E773-4D94-BFD1-C3179E2B73CC}.Release|Any CPU.Build.0 = Release|Any CPU
		{BCDCB255-D8D8-42E1-B67A-B388707D1868}.Debug|Any CPU.ActiveCfg = Debug|Any CPU
		{BCDCB255-D8D8-42E1-B67A-B388707D1868}.Debug|Any CPU.Build.0 = Debug|Any CPU
		{BCDCB255-D8D8-42E1-B67A-B388707D1868}.Release|Any CPU.ActiveCfg = Release|Any CPU
		{BCDCB255-D8D8-42E1-B67A-B388707D1868}.Release|Any CPU.Build.0 = Release|Any CPU
	EndGlobalSection
	GlobalSection(SolutionProperties) = preSolution
		HideSolutionNode = FALSE
	EndGlobalSection
	GlobalSection(NestedProjects) = preSolution
		{7A314675-C4C1-4A6F-8750-12C2A34116B3} = {B4D2EBBE-6428-42C0-9F70-70F96C241DB4}
		{819C6141-C7DE-457A-AF00-1473AFE505E2} = {EFBD5049-E4DF-420E-A693-5FDBA3D4E215}
		{8C83F393-EFE2-45B3-A55F-27F65FBA74D8} = {EFBD5049-E4DF-420E-A693-5FDBA3D4E215}
		{564C56C5-B4BC-4076-AB7D-03711EDF2A1D} = {EFBD5049-E4DF-420E-A693-5FDBA3D4E215}
		{ACE3B5CB-701A-4330-917A-18D0CEE726A7} = {EFBD5049-E4DF-420E-A693-5FDBA3D4E215}
		{AC5C0041-5671-4533-B6A7-74BB1127A3F2} = {EFBD5049-E4DF-420E-A693-5FDBA3D4E215}
		{F488E10A-94B3-4BA2-96A0-0BE98FDAC4A0} = {EFBD5049-E4DF-420E-A693-5FDBA3D4E215}
		{8F1AFB24-2636-45D5-AED2-B40E7C6CC02E} = {EFBD5049-E4DF-420E-A693-5FDBA3D4E215}
		{66D24938-EF5A-4F0F-A041-492653D06668} = {EFBD5049-E4DF-420E-A693-5FDBA3D4E215}
		{C8425872-AE91-4B9E-80BE-55DA6EFD372F} = {66D24938-EF5A-4F0F-A041-492653D06668}
		{73F223E8-5A4E-48BA-9F71-70C3E2E62B35} = {66D24938-EF5A-4F0F-A041-492653D06668}
		{3AF12B69-CD81-4B39-B301-043D999955A3} = {66D24938-EF5A-4F0F-A041-492653D06668}
		{67F3DC2F-C8F2-4007-88CE-30BEA0561AAB} = {8FE8892C-07F2-432A-82EE-43651A93C869}
		{946A2F51-7663-4209-B879-7E474B7D3525} = {8FE8892C-07F2-432A-82EE-43651A93C869}
		{9BB70842-0883-405C-B762-264888219F6D} = {EFBD5049-E4DF-420E-A693-5FDBA3D4E215}
		{34EF0DD9-694D-4244-B50B-F46E49FDF717} = {EFBD5049-E4DF-420E-A693-5FDBA3D4E215}
		{E8067814-80D1-44C5-B762-0415F2E9D51A} = {34EF0DD9-694D-4244-B50B-F46E49FDF717}
		{CD31FFA4-21B3-43F4-B212-28DF0D443456} = {34EF0DD9-694D-4244-B50B-F46E49FDF717}
		{2F76C257-E2E9-44BA-A499-71E902F82ECE} = {34EF0DD9-694D-4244-B50B-F46E49FDF717}
		{6A81D247-4056-4830-81E0-C88A606C6EA8} = {819C6141-C7DE-457A-AF00-1473AFE505E2}
		{51A06FCF-1183-431A-9184-058B48CD21C0} = {819C6141-C7DE-457A-AF00-1473AFE505E2}
		{21D4D900-796C-4C91-AA35-9E5B3EE94E17} = {6A81D247-4056-4830-81E0-C88A606C6EA8}
		{76AE3829-9462-4B7E-9A57-A09A2C97F7EC} = {819C6141-C7DE-457A-AF00-1473AFE505E2}
		{E9BF267A-56C2-4BF8-BBA7-A03B13B303F0} = {564C56C5-B4BC-4076-AB7D-03711EDF2A1D}
		{44837A6A-B329-4EC9-90A8-0FB2195C3AFD} = {E9BF267A-56C2-4BF8-BBA7-A03B13B303F0}
		{689ABAF9-C68A-44B8-AD6F-A0012D88F358} = {ACE3B5CB-701A-4330-917A-18D0CEE726A7}
		{AECF0012-77E3-496F-9DC6-863E5296656E} = {AC5C0041-5671-4533-B6A7-74BB1127A3F2}
		{5DC24BB2-A9D8-41A9-8A78-38B2BABBDB30} = {AECF0012-77E3-496F-9DC6-863E5296656E}
		{0163945D-38E7-44E8-9B23-8508D62012F6} = {F488E10A-94B3-4BA2-96A0-0BE98FDAC4A0}
		{E8738FAD-8648-4F16-BCA9-04683AA31DE9} = {F488E10A-94B3-4BA2-96A0-0BE98FDAC4A0}
		{9C5209D1-3E8A-43E1-BD28-049BFECF0B4E} = {E8738FAD-8648-4F16-BCA9-04683AA31DE9}
		{BD466A87-FC75-4779-8818-11ED350EC3AD} = {F488E10A-94B3-4BA2-96A0-0BE98FDAC4A0}
		{A6251F9D-F482-47C7-B5C2-7C802429AFA6} = {F488E10A-94B3-4BA2-96A0-0BE98FDAC4A0}
		{339A3BA0-2D4D-4079-9E21-1989230C47CD} = {8F1AFB24-2636-45D5-AED2-B40E7C6CC02E}
		{906FFA71-7A1C-4943-BCEB-543BDE3BE17C} = {8F1AFB24-2636-45D5-AED2-B40E7C6CC02E}
		{F257F69D-ADA4-41FC-B9E4-8EF7757938B8} = {906FFA71-7A1C-4943-BCEB-543BDE3BE17C}
		{05434716-8AD7-41D8-A740-E5EE495BF081} = {8F1AFB24-2636-45D5-AED2-B40E7C6CC02E}
		{7B8BE181-B962-4A16-83D1-CE9AB9F070BF} = {8F1AFB24-2636-45D5-AED2-B40E7C6CC02E}
		{3C86F475-3992-4A0D-829C-324C7F4B8D28} = {ACE3B5CB-701A-4330-917A-18D0CEE726A7}
		{346D63F7-337C-438C-948A-CA2D9068904C} = {ACE3B5CB-701A-4330-917A-18D0CEE726A7}
		{D7F082BA-C35F-437D-8985-2BF9D3524398} = {AC5C0041-5671-4533-B6A7-74BB1127A3F2}
		{34FFBDC3-7852-4EF6-8BB2-B87C26BB22D6} = {AC5C0041-5671-4533-B6A7-74BB1127A3F2}
		{B2294CDC-1E1C-46BC-8AE3-CC7C375A5B58} = {AC5C0041-5671-4533-B6A7-74BB1127A3F2}
		{C7DC2D09-99B7-4D29-926B-FBA69C640A02} = {564C56C5-B4BC-4076-AB7D-03711EDF2A1D}
		{561CD2DA-2600-4698-AFCE-463509F0344C} = {564C56C5-B4BC-4076-AB7D-03711EDF2A1D}
		{86A44E1D-AC06-4456-AA26-E2AFBF2BDD8E} = {564C56C5-B4BC-4076-AB7D-03711EDF2A1D}
		{6C5E78FA-BE11-438D-985A-4B33EA44DFE8} = {ACE3B5CB-701A-4330-917A-18D0CEE726A7}
		{CF220146-2507-46AF-8484-4E4D47537781} = {8C83F393-EFE2-45B3-A55F-27F65FBA74D8}
		{ED20D9C1-B54C-4CBA-BCAC-43C67EBDC429} = {8C83F393-EFE2-45B3-A55F-27F65FBA74D8}
		{3CDD64E8-985A-4818-850F-F758092957CE} = {819C6141-C7DE-457A-AF00-1473AFE505E2}
		{5527708D-E773-4D94-BFD1-C3179E2B73CC} = {689ABAF9-C68A-44B8-AD6F-A0012D88F358}
		{BCDCB255-D8D8-42E1-B67A-B388707D1868} = {689ABAF9-C68A-44B8-AD6F-A0012D88F358}
	EndGlobalSection
	GlobalSection(ExtensibilityGlobals) = postSolution
		SolutionGuid = {2746943F-0DF5-4BB2-A360-520130DFE182}
	EndGlobalSection
EndGlobal
