
Microsoft Visual Studio Solution File, Format Version 12.00
# Visual Studio Version 17
VisualStudioVersion = 17.8.34330.188
MinimumVisualStudioVersion = 10.0.40219.1
Project("{2150E333-8FDC-42A3-9474-1A3956D46DE8}") = "ApiGateways", "ApiGateways", "{46655359-C774-438D-8D4E-4FFEC1565887}"
EndProject
Project("{2150E333-8FDC-42A3-9474-1A3956D46DE8}") = "Services", "Services", "{AA4F127E-7AE0-4813-AEDC-2413C8BA49FE}"
EndProject
Project("{9A19103F-16F7-4668-BE54-9A1E7A4F7556}") = "OcelotApiGateway", "ApiGateways\OcelotApiGateway\OcelotApiGateway.csproj", "{E04EB42F-3AEF-4E61-804F-D59FBFC6EB61}"
EndProject
Project("{2150E333-8FDC-42A3-9474-1A3956D46DE8}") = "Identity", "Identity", "{CE7B9106-B7FF-4036-9F81-AA651FD6242E}"
EndProject
Project("{9A19103F-16F7-4668-BE54-9A1E7A4F7556}") = "Domain", "Services\Identity\Domain\Domain.csproj", "{D17EF639-101F-410E-83B6-144D6451F3B0}"
EndProject
Project("{9A19103F-16F7-4668-BE54-9A1E7A4F7556}") = "DataAccess", "Services\Identity\DataAccess\DataAccess.csproj", "{761ECBA8-8240-4CDF-9B1B-8F9099F84EB1}"
EndProject
Project("{9A19103F-16F7-4668-BE54-9A1E7A4F7556}") = "Application", "Services\Identity\Application\Application.csproj", "{969AF02B-ACBF-4C91-A024-F4F05413E23C}"
EndProject
Project("{2150E333-8FDC-42A3-9474-1A3956D46DE8}") = "Libs", "Libs", "{14ABFC3D-3DB1-4134-A0F6-251BACD722C7}"
EndProject
Project("{9A19103F-16F7-4668-BE54-9A1E7A4F7556}") = "LingoMqResponseLib", "..\libs\LingoMqResponseLib\LingoMqResponseLib.csproj", "{8A527E1E-B4FD-4791-892B-F7F8613EFDE9}"
EndProject
Project("{9A19103F-16F7-4668-BE54-9A1E7A4F7556}") = "LingoMqCryptographyLib", "..\libs\LingoMqCryptographyLib\LingoMqCryptographyLib.csproj", "{A5D09C6C-97BD-43BF-963C-937597C4DCBB}"
EndProject
Project("{FAE04EC0-301F-11D3-BF4B-00C04F79EFBC}") = "Api", "Api\Api.csproj", "{538CBD1C-F0BA-4734-954A-2F310DE3F7EF}"
EndProject
Global
	GlobalSection(SolutionConfigurationPlatforms) = preSolution
		Debug|Any CPU = Debug|Any CPU
		Release|Any CPU = Release|Any CPU
	EndGlobalSection
	GlobalSection(ProjectConfigurationPlatforms) = postSolution
		{E04EB42F-3AEF-4E61-804F-D59FBFC6EB61}.Debug|Any CPU.ActiveCfg = Debug|Any CPU
		{E04EB42F-3AEF-4E61-804F-D59FBFC6EB61}.Debug|Any CPU.Build.0 = Debug|Any CPU
		{E04EB42F-3AEF-4E61-804F-D59FBFC6EB61}.Release|Any CPU.ActiveCfg = Release|Any CPU
		{E04EB42F-3AEF-4E61-804F-D59FBFC6EB61}.Release|Any CPU.Build.0 = Release|Any CPU
		{D17EF639-101F-410E-83B6-144D6451F3B0}.Debug|Any CPU.ActiveCfg = Debug|Any CPU
		{D17EF639-101F-410E-83B6-144D6451F3B0}.Debug|Any CPU.Build.0 = Debug|Any CPU
		{D17EF639-101F-410E-83B6-144D6451F3B0}.Release|Any CPU.ActiveCfg = Release|Any CPU
		{D17EF639-101F-410E-83B6-144D6451F3B0}.Release|Any CPU.Build.0 = Release|Any CPU
		{761ECBA8-8240-4CDF-9B1B-8F9099F84EB1}.Debug|Any CPU.ActiveCfg = Debug|Any CPU
		{761ECBA8-8240-4CDF-9B1B-8F9099F84EB1}.Debug|Any CPU.Build.0 = Debug|Any CPU
		{761ECBA8-8240-4CDF-9B1B-8F9099F84EB1}.Release|Any CPU.ActiveCfg = Release|Any CPU
		{761ECBA8-8240-4CDF-9B1B-8F9099F84EB1}.Release|Any CPU.Build.0 = Release|Any CPU
		{969AF02B-ACBF-4C91-A024-F4F05413E23C}.Debug|Any CPU.ActiveCfg = Debug|Any CPU
		{969AF02B-ACBF-4C91-A024-F4F05413E23C}.Debug|Any CPU.Build.0 = Debug|Any CPU
		{969AF02B-ACBF-4C91-A024-F4F05413E23C}.Release|Any CPU.ActiveCfg = Release|Any CPU
		{969AF02B-ACBF-4C91-A024-F4F05413E23C}.Release|Any CPU.Build.0 = Release|Any CPU
		{8A527E1E-B4FD-4791-892B-F7F8613EFDE9}.Debug|Any CPU.ActiveCfg = Debug|Any CPU
		{8A527E1E-B4FD-4791-892B-F7F8613EFDE9}.Debug|Any CPU.Build.0 = Debug|Any CPU
		{8A527E1E-B4FD-4791-892B-F7F8613EFDE9}.Release|Any CPU.ActiveCfg = Release|Any CPU
		{8A527E1E-B4FD-4791-892B-F7F8613EFDE9}.Release|Any CPU.Build.0 = Release|Any CPU
		{A5D09C6C-97BD-43BF-963C-937597C4DCBB}.Debug|Any CPU.ActiveCfg = Debug|Any CPU
		{A5D09C6C-97BD-43BF-963C-937597C4DCBB}.Debug|Any CPU.Build.0 = Debug|Any CPU
		{A5D09C6C-97BD-43BF-963C-937597C4DCBB}.Release|Any CPU.ActiveCfg = Release|Any CPU
		{A5D09C6C-97BD-43BF-963C-937597C4DCBB}.Release|Any CPU.Build.0 = Release|Any CPU
		{538CBD1C-F0BA-4734-954A-2F310DE3F7EF}.Debug|Any CPU.ActiveCfg = Debug|Any CPU
		{538CBD1C-F0BA-4734-954A-2F310DE3F7EF}.Debug|Any CPU.Build.0 = Debug|Any CPU
		{538CBD1C-F0BA-4734-954A-2F310DE3F7EF}.Release|Any CPU.ActiveCfg = Release|Any CPU
		{538CBD1C-F0BA-4734-954A-2F310DE3F7EF}.Release|Any CPU.Build.0 = Release|Any CPU
	EndGlobalSection
	GlobalSection(SolutionProperties) = preSolution
		HideSolutionNode = FALSE
	EndGlobalSection
	GlobalSection(NestedProjects) = preSolution
		{E04EB42F-3AEF-4E61-804F-D59FBFC6EB61} = {46655359-C774-438D-8D4E-4FFEC1565887}
		{CE7B9106-B7FF-4036-9F81-AA651FD6242E} = {AA4F127E-7AE0-4813-AEDC-2413C8BA49FE}
		{D17EF639-101F-410E-83B6-144D6451F3B0} = {CE7B9106-B7FF-4036-9F81-AA651FD6242E}
		{761ECBA8-8240-4CDF-9B1B-8F9099F84EB1} = {CE7B9106-B7FF-4036-9F81-AA651FD6242E}
		{969AF02B-ACBF-4C91-A024-F4F05413E23C} = {CE7B9106-B7FF-4036-9F81-AA651FD6242E}
		{8A527E1E-B4FD-4791-892B-F7F8613EFDE9} = {14ABFC3D-3DB1-4134-A0F6-251BACD722C7}
		{A5D09C6C-97BD-43BF-963C-937597C4DCBB} = {14ABFC3D-3DB1-4134-A0F6-251BACD722C7}
		{538CBD1C-F0BA-4734-954A-2F310DE3F7EF} = {CE7B9106-B7FF-4036-9F81-AA651FD6242E}
	EndGlobalSection
	GlobalSection(ExtensibilityGlobals) = postSolution
		SolutionGuid = {F4555F6E-0AD1-45F8-B165-DFDB4EE97427}
	EndGlobalSection
EndGlobal
